
Microsoft Visual Studio Solution File, Format Version 12.00
# Visual Studio 15
VisualStudioVersion = 15.0.28307.852
MinimumVisualStudioVersion = 10.0.40219.1
Project("{9A19103F-16F7-4668-BE54-9A1E7A4F7556}") = "Reverse String", "LeetCode-Easy\Reverse String.csproj", "{113485C9-BE0E-4166-B535-75526A3C74D5}"
EndProject
Project("{9A19103F-16F7-4668-BE54-9A1E7A4F7556}") = "Maximum Depth of Binary Tree", "Maximum Depth of Binary Tree\Maximum Depth of Binary Tree.csproj", "{3FEEFD0F-2530-45A9-A7D6-314E6D6D613D}"
EndProject
Project("{9A19103F-16F7-4668-BE54-9A1E7A4F7556}") = "Single Number", "Single Number\Single Number.csproj", "{CEB6991C-2800-41C3-9E1B-2A6FB06824AB}"
EndProject
Project("{9A19103F-16F7-4668-BE54-9A1E7A4F7556}") = "FizzBuzz", "FizzBuzz\FizzBuzz.csproj", "{3D7623A7-6312-4F4D-9C3A-D0B06536DB14}"
EndProject
Project("{9A19103F-16F7-4668-BE54-9A1E7A4F7556}") = "Reverse Link List", "Reverse Link List\Reverse Link List.csproj", "{72729CFE-F86F-4AAC-8108-7CE6770EEAA4}"
EndProject
Project("{FAE04EC0-301F-11D3-BF4B-00C04F79EFBC}") = "DeleteNode", "DeleteNode\DeleteNode.csproj", "{E3B12DFD-695A-4124-9BC5-19C4D9495164}"
EndProject
Project("{FAE04EC0-301F-11D3-BF4B-00C04F79EFBC}") = "MoveZeros", "MoveZeros\MoveZeros.csproj", "{2AFB41BD-6AFD-4689-B831-6A8400EB338E}"
EndProject
Project("{FAE04EC0-301F-11D3-BF4B-00C04F79EFBC}") = "Majority Element", "Majority Element\Majority Element.csproj", "{34BBC8DF-919A-48F9-BB7D-FEB9AC23B373}"
EndProject
Project("{FAE04EC0-301F-11D3-BF4B-00C04F79EFBC}") = "Valid Anagram", "Valid Anagram\Valid Anagram.csproj", "{A837F833-EB32-466B-B23B-5C67102D28B9}"
EndProject
Project("{FAE04EC0-301F-11D3-BF4B-00C04F79EFBC}") = "Contains Duplicate", "Contains Duplicate\Contains Duplicate.csproj", "{745329C8-7409-4831-A299-EF2D02D33771}"
EndProject
Project("{FAE04EC0-301F-11D3-BF4B-00C04F79EFBC}") = "Roman To Integer", "Roman To Integer\Roman To Integer.csproj", "{48B7F7DA-36D2-4ABB-A878-F3E632BE461E}"
EndProject
Global
	GlobalSection(SolutionConfigurationPlatforms) = preSolution
		Debug|Any CPU = Debug|Any CPU
		Release|Any CPU = Release|Any CPU
	EndGlobalSection
	GlobalSection(ProjectConfigurationPlatforms) = postSolution
		{113485C9-BE0E-4166-B535-75526A3C74D5}.Debug|Any CPU.ActiveCfg = Debug|Any CPU
		{113485C9-BE0E-4166-B535-75526A3C74D5}.Debug|Any CPU.Build.0 = Debug|Any CPU
		{113485C9-BE0E-4166-B535-75526A3C74D5}.Release|Any CPU.ActiveCfg = Release|Any CPU
		{113485C9-BE0E-4166-B535-75526A3C74D5}.Release|Any CPU.Build.0 = Release|Any CPU
		{3FEEFD0F-2530-45A9-A7D6-314E6D6D613D}.Debug|Any CPU.ActiveCfg = Debug|Any CPU
		{3FEEFD0F-2530-45A9-A7D6-314E6D6D613D}.Debug|Any CPU.Build.0 = Debug|Any CPU
		{3FEEFD0F-2530-45A9-A7D6-314E6D6D613D}.Release|Any CPU.ActiveCfg = Release|Any CPU
		{3FEEFD0F-2530-45A9-A7D6-314E6D6D613D}.Release|Any CPU.Build.0 = Release|Any CPU
		{CEB6991C-2800-41C3-9E1B-2A6FB06824AB}.Debug|Any CPU.ActiveCfg = Debug|Any CPU
		{CEB6991C-2800-41C3-9E1B-2A6FB06824AB}.Debug|Any CPU.Build.0 = Debug|Any CPU
		{CEB6991C-2800-41C3-9E1B-2A6FB06824AB}.Release|Any CPU.ActiveCfg = Release|Any CPU
		{CEB6991C-2800-41C3-9E1B-2A6FB06824AB}.Release|Any CPU.Build.0 = Release|Any CPU
		{3D7623A7-6312-4F4D-9C3A-D0B06536DB14}.Debug|Any CPU.ActiveCfg = Debug|Any CPU
		{3D7623A7-6312-4F4D-9C3A-D0B06536DB14}.Debug|Any CPU.Build.0 = Debug|Any CPU
		{3D7623A7-6312-4F4D-9C3A-D0B06536DB14}.Release|Any CPU.ActiveCfg = Release|Any CPU
		{3D7623A7-6312-4F4D-9C3A-D0B06536DB14}.Release|Any CPU.Build.0 = Release|Any CPU
		{72729CFE-F86F-4AAC-8108-7CE6770EEAA4}.Debug|Any CPU.ActiveCfg = Debug|Any CPU
		{72729CFE-F86F-4AAC-8108-7CE6770EEAA4}.Debug|Any CPU.Build.0 = Debug|Any CPU
		{72729CFE-F86F-4AAC-8108-7CE6770EEAA4}.Release|Any CPU.ActiveCfg = Release|Any CPU
		{72729CFE-F86F-4AAC-8108-7CE6770EEAA4}.Release|Any CPU.Build.0 = Release|Any CPU
		{E3B12DFD-695A-4124-9BC5-19C4D9495164}.Debug|Any CPU.ActiveCfg = Debug|Any CPU
		{E3B12DFD-695A-4124-9BC5-19C4D9495164}.Debug|Any CPU.Build.0 = Debug|Any CPU
		{E3B12DFD-695A-4124-9BC5-19C4D9495164}.Release|Any CPU.ActiveCfg = Release|Any CPU
		{E3B12DFD-695A-4124-9BC5-19C4D9495164}.Release|Any CPU.Build.0 = Release|Any CPU
		{2AFB41BD-6AFD-4689-B831-6A8400EB338E}.Debug|Any CPU.ActiveCfg = Debug|Any CPU
		{2AFB41BD-6AFD-4689-B831-6A8400EB338E}.Debug|Any CPU.Build.0 = Debug|Any CPU
		{2AFB41BD-6AFD-4689-B831-6A8400EB338E}.Release|Any CPU.ActiveCfg = Release|Any CPU
		{2AFB41BD-6AFD-4689-B831-6A8400EB338E}.Release|Any CPU.Build.0 = Release|Any CPU
		{34BBC8DF-919A-48F9-BB7D-FEB9AC23B373}.Debug|Any CPU.ActiveCfg = Debug|Any CPU
		{34BBC8DF-919A-48F9-BB7D-FEB9AC23B373}.Debug|Any CPU.Build.0 = Debug|Any CPU
		{34BBC8DF-919A-48F9-BB7D-FEB9AC23B373}.Release|Any CPU.ActiveCfg = Release|Any CPU
		{34BBC8DF-919A-48F9-BB7D-FEB9AC23B373}.Release|Any CPU.Build.0 = Release|Any CPU
		{A837F833-EB32-466B-B23B-5C67102D28B9}.Debug|Any CPU.ActiveCfg = Debug|Any CPU
		{A837F833-EB32-466B-B23B-5C67102D28B9}.Debug|Any CPU.Build.0 = Debug|Any CPU
		{A837F833-EB32-466B-B23B-5C67102D28B9}.Release|Any CPU.ActiveCfg = Release|Any CPU
		{A837F833-EB32-466B-B23B-5C67102D28B9}.Release|Any CPU.Build.0 = Release|Any CPU
		{745329C8-7409-4831-A299-EF2D02D33771}.Debug|Any CPU.ActiveCfg = Debug|Any CPU
		{745329C8-7409-4831-A299-EF2D02D33771}.Debug|Any CPU.Build.0 = Debug|Any CPU
		{745329C8-7409-4831-A299-EF2D02D33771}.Release|Any CPU.ActiveCfg = Release|Any CPU
		{745329C8-7409-4831-A299-EF2D02D33771}.Release|Any CPU.Build.0 = Release|Any CPU
		{48B7F7DA-36D2-4ABB-A878-F3E632BE461E}.Debug|Any CPU.ActiveCfg = Debug|Any CPU
		{48B7F7DA-36D2-4ABB-A878-F3E632BE461E}.Debug|Any CPU.Build.0 = Debug|Any CPU
		{48B7F7DA-36D2-4ABB-A878-F3E632BE461E}.Release|Any CPU.ActiveCfg = Release|Any CPU
		{48B7F7DA-36D2-4ABB-A878-F3E632BE461E}.Release|Any CPU.Build.0 = Release|Any CPU
	EndGlobalSection
	GlobalSection(SolutionProperties) = preSolution
		HideSolutionNode = FALSE
	EndGlobalSection
	GlobalSection(ExtensibilityGlobals) = postSolution
		SolutionGuid = {DE7FC4BD-7397-480F-B557-F6CF4AD2D189}
	EndGlobalSection
EndGlobal
